
Microsoft Visual Studio Solution File, Format Version 12.00
# Visual Studio Version 16
VisualStudioVersion = 16.0.28922.388
MinimumVisualStudioVersion = 10.0.40219.1
Project("{FAE04EC0-301F-11D3-BF4B-00C04F79EFBC}") = "NinjaDomain.Classes", "NinjaDomain.Classes\NinjaDomain.Classes.csproj", "{C611843A-EDD9-487D-B2D0-0EB2A3F6012C}"
EndProject
Project("{FAE04EC0-301F-11D3-BF4B-00C04F79EFBC}") = "NinjaDomain.DataModel", "NinjaDomain.DataModel\NinjaDomain.DataModel.csproj", "{0D3E6693-7FD6-4C4F-A048-C3B5AFA95056}"
EndProject
Project("{FAE04EC0-301F-11D3-BF4B-00C04F79EFBC}") = "EDMXFromDB", "EDMXFromDB\EDMXFromDB.csproj", "{3F213364-4903-4BD6-9001-6C58E36A0569}"
EndProject
Project("{FAE04EC0-301F-11D3-BF4B-00C04F79EFBC}") = "CodeModelFromDB", "CodeModelFromDB\CodeModelFromDB.csproj", "{073E2BA8-2BDA-4A1D-AD5A-9958EA5B607B}"
EndProject
Project("{FAE04EC0-301F-11D3-BF4B-00C04F79EFBC}") = "ConsoleApplication", "ConsoleApplication\ConsoleApplication.csproj", "{3C804254-E40A-44B5-B456-9611A7C4EA48}"
EndProject
Global
	GlobalSection(SolutionConfigurationPlatforms) = preSolution
		Debug|Any CPU = Debug|Any CPU
		Release|Any CPU = Release|Any CPU
	EndGlobalSection
	GlobalSection(ProjectConfigurationPlatforms) = postSolution
		{C611843A-EDD9-487D-B2D0-0EB2A3F6012C}.Debug|Any CPU.ActiveCfg = Debug|Any CPU
		{C611843A-EDD9-487D-B2D0-0EB2A3F6012C}.Debug|Any CPU.Build.0 = Debug|Any CPU
		{C611843A-EDD9-487D-B2D0-0EB2A3F6012C}.Release|Any CPU.ActiveCfg = Release|Any CPU
		{C611843A-EDD9-487D-B2D0-0EB2A3F6012C}.Release|Any CPU.Build.0 = Release|Any CPU
		{0D3E6693-7FD6-4C4F-A048-C3B5AFA95056}.Debug|Any CPU.ActiveCfg = Debug|Any CPU
		{0D3E6693-7FD6-4C4F-A048-C3B5AFA95056}.Debug|Any CPU.Build.0 = Debug|Any CPU
		{0D3E6693-7FD6-4C4F-A048-C3B5AFA95056}.Release|Any CPU.ActiveCfg = Release|Any CPU
		{0D3E6693-7FD6-4C4F-A048-C3B5AFA95056}.Release|Any CPU.Build.0 = Release|Any CPU
		{3F213364-4903-4BD6-9001-6C58E36A0569}.Debug|Any CPU.ActiveCfg = Debug|Any CPU
		{3F213364-4903-4BD6-9001-6C58E36A0569}.Debug|Any CPU.Build.0 = Debug|Any CPU
		{3F213364-4903-4BD6-9001-6C58E36A0569}.Release|Any CPU.ActiveCfg = Release|Any CPU
		{3F213364-4903-4BD6-9001-6C58E36A0569}.Release|Any CPU.Build.0 = Release|Any CPU
		{073E2BA8-2BDA-4A1D-AD5A-9958EA5B607B}.Debug|Any CPU.ActiveCfg = Debug|Any CPU
		{073E2BA8-2BDA-4A1D-AD5A-9958EA5B607B}.Debug|Any CPU.Build.0 = Debug|Any CPU
		{073E2BA8-2BDA-4A1D-AD5A-9958EA5B607B}.Release|Any CPU.ActiveCfg = Release|Any CPU
		{073E2BA8-2BDA-4A1D-AD5A-9958EA5B607B}.Release|Any CPU.Build.0 = Release|Any CPU
		{3C804254-E40A-44B5-B456-9611A7C4EA48}.Debug|Any CPU.ActiveCfg = Debug|Any CPU
		{3C804254-E40A-44B5-B456-9611A7C4EA48}.Debug|Any CPU.Build.0 = Debug|Any CPU
		{3C804254-E40A-44B5-B456-9611A7C4EA48}.Release|Any CPU.ActiveCfg = Release|Any CPU
		{3C804254-E40A-44B5-B456-9611A7C4EA48}.Release|Any CPU.Build.0 = Release|Any CPU
	EndGlobalSection
	GlobalSection(SolutionProperties) = preSolution
		HideSolutionNode = FALSE
	EndGlobalSection
	GlobalSection(ExtensibilityGlobals) = postSolution
		SolutionGuid = {C8B73F51-8C92-4828-80F6-4CED6B1EA3DB}
	EndGlobalSection
EndGlobal
